<?xml version="1.0" encoding="utf-8"?>
<Project ToolsVersion="4.0" xmlns="http://schemas.microsoft.com/developer/msbuild/2003">
  <ItemGroup>
    <Filter Include="Source files">
      <UniqueIdentifier>{92f996dd-bcdb-4653-9ee0-484d782c0c48}</UniqueIdentifier>
      <Extensions>cpp;c;cc;cxx;def;odl;idl;hpj;bat;asm;asmx</Extensions>
    </Filter>
    <Filter Include="Header files">
      <UniqueIdentifier>{163ad687-708f-4e4c-a812-b8ae6a0810bc}</UniqueIdentifier>
      <Extensions>h;hpp;hxx;hm;inl;inc;xsd</Extensions>
    </Filter>
    <Filter Include="Resource files">
      <UniqueIdentifier>{66c76a63-421c-4549-8857-30d09930e785}</UniqueIdentifier>
      <Extensions>rc;ico;cur;bmp;dlg;rc2;rct;bin;rgs;gif;jpg;jpeg;jpe;resx;tiff;tif;png;wav</Extensions>
    </Filter>
    <Filter Include="Make files">
      <UniqueIdentifier>{17e5223a-2639-433d-86e1-06448cc14379}</UniqueIdentifier>
      <Extensions>*.mak</Extensions>
    </Filter>
  </ItemGroup>
  <ItemGroup>
    <None Include="Makefile" />
    <None Include="debug.mak">
      <Filter>Make files</Filter>
    </None>
    <None Include="release.mak">
      <Filter>Make files</Filter>
    </None>
  </ItemGroup>
  <ItemGroup>
    <ClInclude Include="..\Include\XLib\XLib.h">
      <Filter>Header files</Filter>
    </ClInclude>
    <ClInclude Include="stdafx.h">
      <Filter>Header files</Filter>
    </ClInclude>
    <ClInclude Include="..\Include\XLib\ToolMacros.h">
      <Filter>Header files</Filter>
    </ClInclude>
    <ClInclude Include="..\Include\XLib\Log.h">
      <Filter>Header files</Filter>
    </ClInclude>
    <ClInclude Include="..\Include\XLib\XMutex.h">
      <Filter>Header files</Filter>
    </ClInclude>
    <ClInclude Include="..\Include\XLib\XApplication.h">
      <Filter>Header files</Filter>
    </ClInclude>
  </ItemGroup>
  <ItemGroup>
    <ClCompile Include="stdafx.cpp">
      <Filter>Source files</Filter>
    </ClCompile>
    <ClCompile Include="XLib.cpp">
      <Filter>Source files</Filter>
    </ClCompile>
    <ClCompile Include="Log.cpp">
      <Filter>Source files</Filter>
    </ClCompile>
    <ClCompile Include="XMutex.cpp">
      <Filter>Source files</Filter>
    </ClCompile>
    <ClCompile Include="XApplication.cpp">
      <Filter>Source files</Filter>
    </ClCompile>
  </ItemGroup>
</Project>